
Microsoft Visual Studio Solution File, Format Version 12.00
# Visual Studio Version 17
VisualStudioVersion = 17.5.002.0
MinimumVisualStudioVersion = 10.0.40219.1
Project("{2150E333-8FDC-42A3-9474-1A3956D46DE8}") = "prepare", "prepare", "{71C19382-5AA2-4499-B3A5-F6D09B202D27}"
EndProject
Project("{9A19103F-16F7-4668-BE54-9A1E7A4F7556}") = "Learning02", "prepare\Learning02\Learning02.csproj", "{040490ED-CF74-43EC-938F-6D75425423D9}"
EndProject
Project("{9A19103F-16F7-4668-BE54-9A1E7A4F7556}") = "Learning05", "prepare\Learning05\Learning05.csproj", "{ADEF7C28-5CAA-41D2-885F-4414A7380583}"
EndProject
Project("{9A19103F-16F7-4668-BE54-9A1E7A4F7556}") = "Learning04", "prepare\Learning04\Learning04.csproj", "{7BB9BE4E-1CE6-447B-BA70-E9C6242E9479}"
EndProject
Project("{9A19103F-16F7-4668-BE54-9A1E7A4F7556}") = "Learning03", "prepare\Learning03\Learning03.csproj", "{BA38F948-0F26-428A-A87B-FB5084D5F517}"
EndProject
Project("{2150E333-8FDC-42A3-9474-1A3956D46DE8}") = "prove", "prove", "{7D2ED637-CF6C-4A8E-AAFD-965050E51DD9}"
EndProject
Project("{9A19103F-16F7-4668-BE54-9A1E7A4F7556}") = "Develop03", "prove\Develop03\Develop03.csproj", "{4FF22AC2-AD40-4A9A-B41E-01A326DE1633}"
EndProject
Project("{9A19103F-16F7-4668-BE54-9A1E7A4F7556}") = "Develop04", "prove\Develop04\Develop04.csproj", "{84A7DEA9-8AAF-41E0-A4DD-A900AB38681A}"
EndProject
Project("{9A19103F-16F7-4668-BE54-9A1E7A4F7556}") = "Develop05", "prove\Develop05\Develop05.csproj", "{D75F3D37-5584-4C2F-A8E9-2901ABD9EEB1}"
EndProject
Project("{9A19103F-16F7-4668-BE54-9A1E7A4F7556}") = "Develop02", "prove\Develop02\Develop02.csproj", "{BB6776F3-E51B-4EB1-83B1-314ACB8098AD}"
EndProject
Project("{2150E333-8FDC-42A3-9474-1A3956D46DE8}") = "sandbox", "sandbox", "{08315BCB-6DA6-4DCC-8FA4-0403172B2E35}"
EndProject
Project("{9A19103F-16F7-4668-BE54-9A1E7A4F7556}") = "Sandbox", "sandbox\Sandbox\Sandbox.csproj", "{FD6AC156-BA2A-4F01-82E8-4DD6E0A47F79}"
EndProject
Project("{2150E333-8FDC-42A3-9474-1A3956D46DE8}") = "final", "final", "{64921142-9EBE-4F21-A413-B7B2B4F7FB02}"
EndProject
Project("{9A19103F-16F7-4668-BE54-9A1E7A4F7556}") = "FinalProject", "final\FinalProject\FinalProject.csproj", "{A25AC40F-A4CA-4D6B-9B85-74388D537934}"
EndProject
Project("{9A19103F-16F7-4668-BE54-9A1E7A4F7556}") = "Foundation1", "final\Foundation1\Foundation1.csproj", "{0C7F7743-882E-4DAB-8836-C4C42DF606D7}"
EndProject
Project("{9A19103F-16F7-4668-BE54-9A1E7A4F7556}") = "Foundation4", "final\Foundation4\Foundation4.csproj", "{BCDB24C0-BED0-4A6A-B87D-24195230203B}"
EndProject
Project("{9A19103F-16F7-4668-BE54-9A1E7A4F7556}") = "Foundation3", "final\Foundation3\Foundation3.csproj", "{906EEC41-C9FA-4816-B4A5-CE5E3D4D5262}"
EndProject
Project("{9A19103F-16F7-4668-BE54-9A1E7A4F7556}") = "Foundation2", "final\Foundation2\Foundation2.csproj", "{CDCE203E-42C7-4DE8-A63D-53C0CCD06B67}"
EndProject
Project("{2150E333-8FDC-42A3-9474-1A3956D46DE8}") = "csharp-prep", "csharp-prep", "{B2082247-5494-4F9A-B266-612BAD2AB9BA}"
EndProject
Project("{9A19103F-16F7-4668-BE54-9A1E7A4F7556}") = "Prep1", "csharp-prep\Prep1\Prep1.csproj", "{D6FB638E-3F5E-4D71-BBC3-9CBBDEBD9479}"
EndProject
Project("{9A19103F-16F7-4668-BE54-9A1E7A4F7556}") = "Prep5", "csharp-prep\Prep5\Prep5.csproj", "{2E750D52-BBF8-4C49-967E-7F0AD19011A3}"
EndProject
Project("{9A19103F-16F7-4668-BE54-9A1E7A4F7556}") = "Prep2", "csharp-prep\Prep2\Prep2.csproj", "{5C018892-CD1A-4093-A974-80CFDA4F5AA0}"
EndProject
Project("{9A19103F-16F7-4668-BE54-9A1E7A4F7556}") = "Prep3", "csharp-prep\Prep3\Prep3.csproj", "{764C3B4B-AE69-41FD-833A-805A0B8E62C0}"
EndProject
Project("{9A19103F-16F7-4668-BE54-9A1E7A4F7556}") = "Prep4", "csharp-prep\Prep4\Prep4.csproj", "{44D96DB8-DAD5-482C-A4F4-A26799CAC050}"
EndProject
Global
	GlobalSection(SolutionConfigurationPlatforms) = preSolution
		Debug|Any CPU = Debug|Any CPU
		Release|Any CPU = Release|Any CPU
	EndGlobalSection
	GlobalSection(ProjectConfigurationPlatforms) = postSolution
		{040490ED-CF74-43EC-938F-6D75425423D9}.Debug|Any CPU.ActiveCfg = Debug|Any CPU
		{040490ED-CF74-43EC-938F-6D75425423D9}.Debug|Any CPU.Build.0 = Debug|Any CPU
		{040490ED-CF74-43EC-938F-6D75425423D9}.Release|Any CPU.ActiveCfg = Release|Any CPU
		{040490ED-CF74-43EC-938F-6D75425423D9}.Release|Any CPU.Build.0 = Release|Any CPU
		{ADEF7C28-5CAA-41D2-885F-4414A7380583}.Debug|Any CPU.ActiveCfg = Debug|Any CPU
		{ADEF7C28-5CAA-41D2-885F-4414A7380583}.Debug|Any CPU.Build.0 = Debug|Any CPU
		{ADEF7C28-5CAA-41D2-885F-4414A7380583}.Release|Any CPU.ActiveCfg = Release|Any CPU
		{ADEF7C28-5CAA-41D2-885F-4414A7380583}.Release|Any CPU.Build.0 = Release|Any CPU
		{7BB9BE4E-1CE6-447B-BA70-E9C6242E9479}.Debug|Any CPU.ActiveCfg = Debug|Any CPU
		{7BB9BE4E-1CE6-447B-BA70-E9C6242E9479}.Debug|Any CPU.Build.0 = Debug|Any CPU
		{7BB9BE4E-1CE6-447B-BA70-E9C6242E9479}.Release|Any CPU.ActiveCfg = Release|Any CPU
		{7BB9BE4E-1CE6-447B-BA70-E9C6242E9479}.Release|Any CPU.Build.0 = Release|Any CPU
		{BA38F948-0F26-428A-A87B-FB5084D5F517}.Debug|Any CPU.ActiveCfg = Debug|Any CPU
		{BA38F948-0F26-428A-A87B-FB5084D5F517}.Debug|Any CPU.Build.0 = Debug|Any CPU
		{BA38F948-0F26-428A-A87B-FB5084D5F517}.Release|Any CPU.ActiveCfg = Release|Any CPU
		{BA38F948-0F26-428A-A87B-FB5084D5F517}.Release|Any CPU.Build.0 = Release|Any CPU
		{4FF22AC2-AD40-4A9A-B41E-01A326DE1633}.Debug|Any CPU.ActiveCfg = Debug|Any CPU
		{4FF22AC2-AD40-4A9A-B41E-01A326DE1633}.Debug|Any CPU.Build.0 = Debug|Any CPU
		{4FF22AC2-AD40-4A9A-B41E-01A326DE1633}.Release|Any CPU.ActiveCfg = Release|Any CPU
		{4FF22AC2-AD40-4A9A-B41E-01A326DE1633}.Release|Any CPU.Build.0 = Release|Any CPU
		{84A7DEA9-8AAF-41E0-A4DD-A900AB38681A}.Debug|Any CPU.ActiveCfg = Debug|Any CPU
		{84A7DEA9-8AAF-41E0-A4DD-A900AB38681A}.Debug|Any CPU.Build.0 = Debug|Any CPU
		{84A7DEA9-8AAF-41E0-A4DD-A900AB38681A}.Release|Any CPU.ActiveCfg = Release|Any CPU
		{84A7DEA9-8AAF-41E0-A4DD-A900AB38681A}.Release|Any CPU.Build.0 = Release|Any CPU
		{D75F3D37-5584-4C2F-A8E9-2901ABD9EEB1}.Debug|Any CPU.ActiveCfg = Debug|Any CPU
		{D75F3D37-5584-4C2F-A8E9-2901ABD9EEB1}.Debug|Any CPU.Build.0 = Debug|Any CPU
		{D75F3D37-5584-4C2F-A8E9-2901ABD9EEB1}.Release|Any CPU.ActiveCfg = Release|Any CPU
		{D75F3D37-5584-4C2F-A8E9-2901ABD9EEB1}.Release|Any CPU.Build.0 = Release|Any CPU
		{BB6776F3-E51B-4EB1-83B1-314ACB8098AD}.Debug|Any CPU.ActiveCfg = Debug|Any CPU
		{BB6776F3-E51B-4EB1-83B1-314ACB8098AD}.Debug|Any CPU.Build.0 = Debug|Any CPU
		{BB6776F3-E51B-4EB1-83B1-314ACB8098AD}.Release|Any CPU.ActiveCfg = Release|Any CPU
		{BB6776F3-E51B-4EB1-83B1-314ACB8098AD}.Release|Any CPU.Build.0 = Release|Any CPU
		{FD6AC156-BA2A-4F01-82E8-4DD6E0A47F79}.Debug|Any CPU.ActiveCfg = Debug|Any CPU
		{FD6AC156-BA2A-4F01-82E8-4DD6E0A47F79}.Debug|Any CPU.Build.0 = Debug|Any CPU
		{FD6AC156-BA2A-4F01-82E8-4DD6E0A47F79}.Release|Any CPU.ActiveCfg = Release|Any CPU
		{FD6AC156-BA2A-4F01-82E8-4DD6E0A47F79}.Release|Any CPU.Build.0 = Release|Any CPU
		{A25AC40F-A4CA-4D6B-9B85-74388D537934}.Debug|Any CPU.ActiveCfg = Debug|Any CPU
		{A25AC40F-A4CA-4D6B-9B85-74388D537934}.Debug|Any CPU.Build.0 = Debug|Any CPU
		{A25AC40F-A4CA-4D6B-9B85-74388D537934}.Release|Any CPU.ActiveCfg = Release|Any CPU
		{A25AC40F-A4CA-4D6B-9B85-74388D537934}.Release|Any CPU.Build.0 = Release|Any CPU
		{0C7F7743-882E-4DAB-8836-C4C42DF606D7}.Debug|Any CPU.ActiveCfg = Debug|Any CPU
		{0C7F7743-882E-4DAB-8836-C4C42DF606D7}.Debug|Any CPU.Build.0 = Debug|Any CPU
		{0C7F7743-882E-4DAB-8836-C4C42DF606D7}.Release|Any CPU.ActiveCfg = Release|Any CPU
		{0C7F7743-882E-4DAB-8836-C4C42DF606D7}.Release|Any CPU.Build.0 = Release|Any CPU
		{BCDB24C0-BED0-4A6A-B87D-24195230203B}.Debug|Any CPU.ActiveCfg = Debug|Any CPU
		{BCDB24C0-BED0-4A6A-B87D-24195230203B}.Debug|Any CPU.Build.0 = Debug|Any CPU
		{BCDB24C0-BED0-4A6A-B87D-24195230203B}.Release|Any CPU.ActiveCfg = Release|Any CPU
		{BCDB24C0-BED0-4A6A-B87D-24195230203B}.Release|Any CPU.Build.0 = Release|Any CPU
		{906EEC41-C9FA-4816-B4A5-CE5E3D4D5262}.Debug|Any CPU.ActiveCfg = Debug|Any CPU
		{906EEC41-C9FA-4816-B4A5-CE5E3D4D5262}.Debug|Any CPU.Build.0 = Debug|Any CPU
		{906EEC41-C9FA-4816-B4A5-CE5E3D4D5262}.Release|Any CPU.ActiveCfg = Release|Any CPU
		{906EEC41-C9FA-4816-B4A5-CE5E3D4D5262}.Release|Any CPU.Build.0 = Release|Any CPU
		{CDCE203E-42C7-4DE8-A63D-53C0CCD06B67}.Debug|Any CPU.ActiveCfg = Debug|Any CPU
		{CDCE203E-42C7-4DE8-A63D-53C0CCD06B67}.Debug|Any CPU.Build.0 = Debug|Any CPU
		{CDCE203E-42C7-4DE8-A63D-53C0CCD06B67}.Release|Any CPU.ActiveCfg = Release|Any CPU
		{CDCE203E-42C7-4DE8-A63D-53C0CCD06B67}.Release|Any CPU.Build.0 = Release|Any CPU
		{D6FB638E-3F5E-4D71-BBC3-9CBBDEBD9479}.Debug|Any CPU.ActiveCfg = Debug|Any CPU
		{D6FB638E-3F5E-4D71-BBC3-9CBBDEBD9479}.Debug|Any CPU.Build.0 = Debug|Any CPU
		{D6FB638E-3F5E-4D71-BBC3-9CBBDEBD9479}.Release|Any CPU.ActiveCfg = Release|Any CPU
		{D6FB638E-3F5E-4D71-BBC3-9CBBDEBD9479}.Release|Any CPU.Build.0 = Release|Any CPU
		{2E750D52-BBF8-4C49-967E-7F0AD19011A3}.Debug|Any CPU.ActiveCfg = Debug|Any CPU
		{2E750D52-BBF8-4C49-967E-7F0AD19011A3}.Debug|Any CPU.Build.0 = Debug|Any CPU
		{2E750D52-BBF8-4C49-967E-7F0AD19011A3}.Release|Any CPU.ActiveCfg = Release|Any CPU
		{2E750D52-BBF8-4C49-967E-7F0AD19011A3}.Release|Any CPU.Build.0 = Release|Any CPU
		{5C018892-CD1A-4093-A974-80CFDA4F5AA0}.Debug|Any CPU.ActiveCfg = Debug|Any CPU
		{5C018892-CD1A-4093-A974-80CFDA4F5AA0}.Debug|Any CPU.Build.0 = Debug|Any CPU
		{5C018892-CD1A-4093-A974-80CFDA4F5AA0}.Release|Any CPU.ActiveCfg = Release|Any CPU
		{5C018892-CD1A-4093-A974-80CFDA4F5AA0}.Release|Any CPU.Build.0 = Release|Any CPU
		{764C3B4B-AE69-41FD-833A-805A0B8E62C0}.Debug|Any CPU.ActiveCfg = Debug|Any CPU
		{764C3B4B-AE69-41FD-833A-805A0B8E62C0}.Debug|Any CPU.Build.0 = Debug|Any CPU
		{764C3B4B-AE69-41FD-833A-805A0B8E62C0}.Release|Any CPU.ActiveCfg = Release|Any CPU
		{764C3B4B-AE69-41FD-833A-805A0B8E62C0}.Release|Any CPU.Build.0 = Release|Any CPU
		{44D96DB8-DAD5-482C-A4F4-A26799CAC050}.Debug|Any CPU.ActiveCfg = Debug|Any CPU
		{44D96DB8-DAD5-482C-A4F4-A26799CAC050}.Debug|Any CPU.Build.0 = Debug|Any CPU
		{44D96DB8-DAD5-482C-A4F4-A26799CAC050}.Release|Any CPU.ActiveCfg = Release|Any CPU
		{44D96DB8-DAD5-482C-A4F4-A26799CAC050}.Release|Any CPU.Build.0 = Release|Any CPU
	EndGlobalSection
	GlobalSection(SolutionProperties) = preSolution
		HideSolutionNode = FALSE
	EndGlobalSection
	GlobalSection(NestedProjects) = preSolution
		{040490ED-CF74-43EC-938F-6D75425423D9} = {71C19382-5AA2-4499-B3A5-F6D09B202D27}
		{ADEF7C28-5CAA-41D2-885F-4414A7380583} = {71C19382-5AA2-4499-B3A5-F6D09B202D27}
		{7BB9BE4E-1CE6-447B-BA70-E9C6242E9479} = {71C19382-5AA2-4499-B3A5-F6D09B202D27}
		{BA38F948-0F26-428A-A87B-FB5084D5F517} = {71C19382-5AA2-4499-B3A5-F6D09B202D27}
		{4FF22AC2-AD40-4A9A-B41E-01A326DE1633} = {7D2ED637-CF6C-4A8E-AAFD-965050E51DD9}
		{84A7DEA9-8AAF-41E0-A4DD-A900AB38681A} = {7D2ED637-CF6C-4A8E-AAFD-965050E51DD9}
		{D75F3D37-5584-4C2F-A8E9-2901ABD9EEB1} = {7D2ED637-CF6C-4A8E-AAFD-965050E51DD9}
		{BB6776F3-E51B-4EB1-83B1-314ACB8098AD} = {7D2ED637-CF6C-4A8E-AAFD-965050E51DD9}
		{FD6AC156-BA2A-4F01-82E8-4DD6E0A47F79} = {08315BCB-6DA6-4DCC-8FA4-0403172B2E35}
		{A25AC40F-A4CA-4D6B-9B85-74388D537934} = {64921142-9EBE-4F21-A413-B7B2B4F7FB02}
		{0C7F7743-882E-4DAB-8836-C4C42DF606D7} = {64921142-9EBE-4F21-A413-B7B2B4F7FB02}
		{BCDB24C0-BED0-4A6A-B87D-24195230203B} = {64921142-9EBE-4F21-A413-B7B2B4F7FB02}
		{906EEC41-C9FA-4816-B4A5-CE5E3D4D5262} = {64921142-9EBE-4F21-A413-B7B2B4F7FB02}
		{CDCE203E-42C7-4DE8-A63D-53C0CCD06B67} = {64921142-9EBE-4F21-A413-B7B2B4F7FB02}
		{D6FB638E-3F5E-4D71-BBC3-9CBBDEBD9479} = {B2082247-5494-4F9A-B266-612BAD2AB9BA}
		{2E750D52-BBF8-4C49-967E-7F0AD19011A3} = {B2082247-5494-4F9A-B266-612BAD2AB9BA}
		{5C018892-CD1A-4093-A974-80CFDA4F5AA0} = {B2082247-5494-4F9A-B266-612BAD2AB9BA}
		{764C3B4B-AE69-41FD-833A-805A0B8E62C0} = {B2082247-5494-4F9A-B266-612BAD2AB9BA}
		{44D96DB8-DAD5-482C-A4F4-A26799CAC050} = {B2082247-5494-4F9A-B266-612BAD2AB9BA}
	EndGlobalSection
	GlobalSection(ExtensibilityGlobals) = postSolution
		SolutionGuid = {23F8C388-3B13-46B3-8CA1-9BCCF8385961}
	EndGlobalSection
EndGlobal
